// !$*UTF8*$!
{
	archiveVersion = 1;
	classes = {
	};
	objectVersion = 56;
	objects = {

/* Begin PBXBuildFile section */
		CD73F3542B9642310064E982 /* Login_Out_SwiftUIApp.swift in Sources */ = {isa = PBXBuildFile; fileRef = CD73F3532B9642310064E982 /* Login_Out_SwiftUIApp.swift */; };
		CD73F3582B9642350064E982 /* Assets.xcassets in Resources */ = {isa = PBXBuildFile; fileRef = CD73F3572B9642350064E982 /* Assets.xcassets */; };
		CD73F35B2B9642350064E982 /* Preview Assets.xcassets in Resources */ = {isa = PBXBuildFile; fileRef = CD73F35A2B9642350064E982 /* Preview Assets.xcassets */; };
		CD73F3622B96501F0064E982 /* LoginView.swift in Sources */ = {isa = PBXBuildFile; fileRef = CD73F3612B96501F0064E982 /* LoginView.swift */; };
		CD73F3642B9650580064E982 /* HomeView.swift in Sources */ = {isa = PBXBuildFile; fileRef = CD73F3632B9650580064E982 /* HomeView.swift */; };
		CD73F3662B9650690064E982 /* RegistrationView.swift in Sources */ = {isa = PBXBuildFile; fileRef = CD73F3652B9650690064E982 /* RegistrationView.swift */; };
		CD73F3682B96581B0064E982 /* LoginViewModel.swift in Sources */ = {isa = PBXBuildFile; fileRef = CD73F3672B96581B0064E982 /* LoginViewModel.swift */; };
		CD73F36A2B96582C0064E982 /* RegistrationViewModel.swift in Sources */ = {isa = PBXBuildFile; fileRef = CD73F3692B96582B0064E982 /* RegistrationViewModel.swift */; };
		CD73F36C2B96F24D0064E982 /* GoogleService-Info.plist in Resources */ = {isa = PBXBuildFile; fileRef = CD73F36B2B96F24C0064E982 /* GoogleService-Info.plist */; };
		CD73F36F2B96F2E30064E982 /* FirebaseAnalytics in Frameworks */ = {isa = PBXBuildFile; productRef = CD73F36E2B96F2E30064E982 /* FirebaseAnalytics */; };
		CD73F3712B96F2E30064E982 /* FirebaseAnalyticsOnDeviceConversion in Frameworks */ = {isa = PBXBuildFile; productRef = CD73F3702B96F2E30064E982 /* FirebaseAnalyticsOnDeviceConversion */; };
		CD73F3732B96F2E30064E982 /* FirebaseAnalyticsSwift in Frameworks */ = {isa = PBXBuildFile; productRef = CD73F3722B96F2E30064E982 /* FirebaseAnalyticsSwift */; };
		CD73F3752B96F2E30064E982 /* FirebaseAnalyticsWithoutAdIdSupport in Frameworks */ = {isa = PBXBuildFile; productRef = CD73F3742B96F2E30064E982 /* FirebaseAnalyticsWithoutAdIdSupport */; };
		CD73F3772B96F2E30064E982 /* FirebaseAppCheck in Frameworks */ = {isa = PBXBuildFile; productRef = CD73F3762B96F2E30064E982 /* FirebaseAppCheck */; };
		CD73F3792B96F2E30064E982 /* FirebaseAppDistribution-Beta in Frameworks */ = {isa = PBXBuildFile; productRef = CD73F3782B96F2E30064E982 /* FirebaseAppDistribution-Beta */; };
		CD73F37B2B96F2E30064E982 /* FirebaseAuth in Frameworks */ = {isa = PBXBuildFile; productRef = CD73F37A2B96F2E30064E982 /* FirebaseAuth */; };
		CD73F37D2B96F2E30064E982 /* FirebaseAuthCombine-Community in Frameworks */ = {isa = PBXBuildFile; productRef = CD73F37C2B96F2E30064E982 /* FirebaseAuthCombine-Community */; };
		CD73F37F2B96F2E30064E982 /* FirebaseCrashlytics in Frameworks */ = {isa = PBXBuildFile; productRef = CD73F37E2B96F2E30064E982 /* FirebaseCrashlytics */; };
		CD73F3812B96F2E30064E982 /* FirebaseDatabase in Frameworks */ = {isa = PBXBuildFile; productRef = CD73F3802B96F2E30064E982 /* FirebaseDatabase */; };
		CD73F3832B96F2E30064E982 /* FirebaseDatabaseSwift in Frameworks */ = {isa = PBXBuildFile; productRef = CD73F3822B96F2E30064E982 /* FirebaseDatabaseSwift */; };
		CD73F3852B96F2E30064E982 /* FirebaseDynamicLinks in Frameworks */ = {isa = PBXBuildFile; productRef = CD73F3842B96F2E30064E982 /* FirebaseDynamicLinks */; };
		CD73F3872B96F2E30064E982 /* FirebaseFirestore in Frameworks */ = {isa = PBXBuildFile; productRef = CD73F3862B96F2E30064E982 /* FirebaseFirestore */; };
		CD73F3892B96F2E30064E982 /* FirebaseFirestoreCombine-Community in Frameworks */ = {isa = PBXBuildFile; productRef = CD73F3882B96F2E30064E982 /* FirebaseFirestoreCombine-Community */; };
		CD73F38B2B96F2E30064E982 /* FirebaseFirestoreSwift in Frameworks */ = {isa = PBXBuildFile; productRef = CD73F38A2B96F2E30064E982 /* FirebaseFirestoreSwift */; };
		CD73F38D2B96F2E30064E982 /* FirebaseFunctions in Frameworks */ = {isa = PBXBuildFile; productRef = CD73F38C2B96F2E30064E982 /* FirebaseFunctions */; };
		CD73F38F2B96F2E30064E982 /* FirebaseFunctionsCombine-Community in Frameworks */ = {isa = PBXBuildFile; productRef = CD73F38E2B96F2E30064E982 /* FirebaseFunctionsCombine-Community */; };
		CD73F3912B96F2E30064E982 /* FirebaseInAppMessaging-Beta in Frameworks */ = {isa = PBXBuildFile; productRef = CD73F3902B96F2E30064E982 /* FirebaseInAppMessaging-Beta */; };
		CD73F3932B96F2E30064E982 /* FirebaseInAppMessagingSwift-Beta in Frameworks */ = {isa = PBXBuildFile; productRef = CD73F3922B96F2E30064E982 /* FirebaseInAppMessagingSwift-Beta */; };
		CD73F3952B96F2E30064E982 /* FirebaseInstallations in Frameworks */ = {isa = PBXBuildFile; productRef = CD73F3942B96F2E30064E982 /* FirebaseInstallations */; };
		CD73F3972B96F2E30064E982 /* FirebaseMLModelDownloader in Frameworks */ = {isa = PBXBuildFile; productRef = CD73F3962B96F2E30064E982 /* FirebaseMLModelDownloader */; };
		CD73F3992B96F2E30064E982 /* FirebaseMessaging in Frameworks */ = {isa = PBXBuildFile; productRef = CD73F3982B96F2E30064E982 /* FirebaseMessaging */; };
		CD73F39B2B96F2E30064E982 /* FirebasePerformance in Frameworks */ = {isa = PBXBuildFile; productRef = CD73F39A2B96F2E30064E982 /* FirebasePerformance */; };
		CD73F39D2B96F2E30064E982 /* FirebaseRemoteConfig in Frameworks */ = {isa = PBXBuildFile; productRef = CD73F39C2B96F2E30064E982 /* FirebaseRemoteConfig */; };
		CD73F39F2B96F2E30064E982 /* FirebaseRemoteConfigSwift in Frameworks */ = {isa = PBXBuildFile; productRef = CD73F39E2B96F2E30064E982 /* FirebaseRemoteConfigSwift */; };
		CD73F3A12B96F2E30064E982 /* FirebaseStorage in Frameworks */ = {isa = PBXBuildFile; productRef = CD73F3A02B96F2E30064E982 /* FirebaseStorage */; };
		CD73F3A32B96F2E30064E982 /* FirebaseStorageCombine-Community in Frameworks */ = {isa = PBXBuildFile; productRef = CD73F3A22B96F2E30064E982 /* FirebaseStorageCombine-Community */; };
		CD73F3A82B96F86A0064E982 /* AuthService.swift in Sources */ = {isa = PBXBuildFile; fileRef = CD73F3A72B96F86A0064E982 /* AuthService.swift */; };
		CD73F3AE2B970D670064E982 /* MainView.swift in Sources */ = {isa = PBXBuildFile; fileRef = CD73F3AD2B970D670064E982 /* MainView.swift */; };
		CD73F3B12B971A110064E982 /* ProfileView.swift in Sources */ = {isa = PBXBuildFile; fileRef = CD73F3B02B971A110064E982 /* ProfileView.swift */; };
		CD73F3B62B971A670064E982 /* ChatView.swift in Sources */ = {isa = PBXBuildFile; fileRef = CD73F3B52B971A670064E982 /* ChatView.swift */; };
		CD73F3BB2B97202B0064E982 /* ContentView.swift in Sources */ = {isa = PBXBuildFile; fileRef = CD73F3BA2B97202B0064E982 /* ContentView.swift */; };
		CD73F3BD2B97203A0064E982 /* ContentViewModel.swift in Sources */ = {isa = PBXBuildFile; fileRef = CD73F3BC2B97203A0064E982 /* ContentViewModel.swift */; };
/* End PBXBuildFile section */

/* Begin PBXFileReference section */
		CD73F3502B9642310064E982 /* Login-Out SwiftUI.app */ = {isa = PBXFileReference; explicitFileType = wrapper.application; includeInIndex = 0; path = "Login-Out SwiftUI.app"; sourceTree = BUILT_PRODUCTS_DIR; };
		CD73F3532B9642310064E982 /* Login_Out_SwiftUIApp.swift */ = {isa = PBXFileReference; lastKnownFileType = sourcecode.swift; path = Login_Out_SwiftUIApp.swift; sourceTree = "<group>"; };
		CD73F3572B9642350064E982 /* Assets.xcassets */ = {isa = PBXFileReference; lastKnownFileType = folder.assetcatalog; path = Assets.xcassets; sourceTree = "<group>"; };
		CD73F35A2B9642350064E982 /* Preview Assets.xcassets */ = {isa = PBXFileReference; lastKnownFileType = folder.assetcatalog; path = "Preview Assets.xcassets"; sourceTree = "<group>"; };
		CD73F3612B96501F0064E982 /* LoginView.swift */ = {isa = PBXFileReference; lastKnownFileType = sourcecode.swift; path = LoginView.swift; sourceTree = "<group>"; };
		CD73F3632B9650580064E982 /* HomeView.swift */ = {isa = PBXFileReference; lastKnownFileType = sourcecode.swift; path = HomeView.swift; sourceTree = "<group>"; };
		CD73F3652B9650690064E982 /* RegistrationView.swift */ = {isa = PBXFileReference; lastKnownFileType = sourcecode.swift; path = RegistrationView.swift; sourceTree = "<group>"; };
		CD73F3672B96581B0064E982 /* LoginViewModel.swift */ = {isa = PBXFileReference; lastKnownFileType = sourcecode.swift; path = LoginViewModel.swift; sourceTree = "<group>"; };
		CD73F3692B96582B0064E982 /* RegistrationViewModel.swift */ = {isa = PBXFileReference; lastKnownFileType = sourcecode.swift; path = RegistrationViewModel.swift; sourceTree = "<group>"; };
		CD73F36B2B96F24C0064E982 /* GoogleService-Info.plist */ = {isa = PBXFileReference; fileEncoding = 4; lastKnownFileType = text.plist.xml; path = "GoogleService-Info.plist"; sourceTree = "<group>"; };
		CD73F3A72B96F86A0064E982 /* AuthService.swift */ = {isa = PBXFileReference; lastKnownFileType = sourcecode.swift; path = AuthService.swift; sourceTree = "<group>"; };
		CD73F3AD2B970D670064E982 /* MainView.swift */ = {isa = PBXFileReference; lastKnownFileType = sourcecode.swift; path = MainView.swift; sourceTree = "<group>"; };
		CD73F3B02B971A110064E982 /* ProfileView.swift */ = {isa = PBXFileReference; lastKnownFileType = sourcecode.swift; path = ProfileView.swift; sourceTree = "<group>"; };
		CD73F3B52B971A670064E982 /* ChatView.swift */ = {isa = PBXFileReference; lastKnownFileType = sourcecode.swift; path = ChatView.swift; sourceTree = "<group>"; };
		CD73F3BA2B97202B0064E982 /* ContentView.swift */ = {isa = PBXFileReference; lastKnownFileType = sourcecode.swift; path = ContentView.swift; sourceTree = "<group>"; };
		CD73F3BC2B97203A0064E982 /* ContentViewModel.swift */ = {isa = PBXFileReference; lastKnownFileType = sourcecode.swift; path = ContentViewModel.swift; sourceTree = "<group>"; };
/* End PBXFileReference section */

/* Begin PBXFrameworksBuildPhase section */
		CD73F34D2B9642310064E982 /* Frameworks */ = {
			isa = PBXFrameworksBuildPhase;
			buildActionMask = 2147483647;
			files = (
				CD73F3812B96F2E30064E982 /* FirebaseDatabase in Frameworks */,
				CD73F38F2B96F2E30064E982 /* FirebaseFunctionsCombine-Community in Frameworks */,
				CD73F3872B96F2E30064E982 /* FirebaseFirestore in Frameworks */,
				CD73F3732B96F2E30064E982 /* FirebaseAnalyticsSwift in Frameworks */,
				CD73F36F2B96F2E30064E982 /* FirebaseAnalytics in Frameworks */,
				CD73F3712B96F2E30064E982 /* FirebaseAnalyticsOnDeviceConversion in Frameworks */,
				CD73F3972B96F2E30064E982 /* FirebaseMLModelDownloader in Frameworks */,
				CD73F38B2B96F2E30064E982 /* FirebaseFirestoreSwift in Frameworks */,
				CD73F3772B96F2E30064E982 /* FirebaseAppCheck in Frameworks */,
				CD73F3752B96F2E30064E982 /* FirebaseAnalyticsWithoutAdIdSupport in Frameworks */,
				CD73F37B2B96F2E30064E982 /* FirebaseAuth in Frameworks */,
				CD73F37F2B96F2E30064E982 /* FirebaseCrashlytics in Frameworks */,
				CD73F39F2B96F2E30064E982 /* FirebaseRemoteConfigSwift in Frameworks */,
				CD73F3912B96F2E30064E982 /* FirebaseInAppMessaging-Beta in Frameworks */,
				CD73F3832B96F2E30064E982 /* FirebaseDatabaseSwift in Frameworks */,
				CD73F38D2B96F2E30064E982 /* FirebaseFunctions in Frameworks */,
				CD73F3A32B96F2E30064E982 /* FirebaseStorageCombine-Community in Frameworks */,
				CD73F39D2B96F2E30064E982 /* FirebaseRemoteConfig in Frameworks */,
				CD73F3792B96F2E30064E982 /* FirebaseAppDistribution-Beta in Frameworks */,
				CD73F37D2B96F2E30064E982 /* FirebaseAuthCombine-Community in Frameworks */,
				CD73F39B2B96F2E30064E982 /* FirebasePerformance in Frameworks */,
				CD73F3932B96F2E30064E982 /* FirebaseInAppMessagingSwift-Beta in Frameworks */,
				CD73F3A12B96F2E30064E982 /* FirebaseStorage in Frameworks */,
				CD73F3852B96F2E30064E982 /* FirebaseDynamicLinks in Frameworks */,
				CD73F3892B96F2E30064E982 /* FirebaseFirestoreCombine-Community in Frameworks */,
				CD73F3992B96F2E30064E982 /* FirebaseMessaging in Frameworks */,
				CD73F3952B96F2E30064E982 /* FirebaseInstallations in Frameworks */,
			);
			runOnlyForDeploymentPostprocessing = 0;
		};
/* End PBXFrameworksBuildPhase section */

/* Begin PBXGroup section */
		CD73F3472B9642310064E982 = {
			isa = PBXGroup;
			children = (
				CD73F3522B9642310064E982 /* Login-Out SwiftUI */,
				CD73F3512B9642310064E982 /* Products */,
			);
			sourceTree = "<group>";
		};
		CD73F3512B9642310064E982 /* Products */ = {
			isa = PBXGroup;
			children = (
				CD73F3502B9642310064E982 /* Login-Out SwiftUI.app */,
			);
			name = Products;
			sourceTree = "<group>";
		};
		CD73F3522B9642310064E982 /* Login-Out SwiftUI */ = {
			isa = PBXGroup;
			children = (
				CD73F3532B9642310064E982 /* Login_Out_SwiftUIApp.swift */,
				CD73F3632B9650580064E982 /* HomeView.swift */,
				CD73F3A92B970CAB0064E982 /* Main */,
				CD73F3A42B96F7B50064E982 /* Authentication */,
				CD73F3B72B97200B0064E982 /* Root */,
				CD73F3572B9642350064E982 /* Assets.xcassets */,
				CD73F36B2B96F24C0064E982 /* GoogleService-Info.plist */,
				CD73F3592B9642350064E982 /* Preview Content */,
			);
			path = "Login-Out SwiftUI";
			sourceTree = "<group>";
		};
		CD73F3592B9642350064E982 /* Preview Content */ = {
			isa = PBXGroup;
			children = (
				CD73F35A2B9642350064E982 /* Preview Assets.xcassets */,
			);
			path = "Preview Content";
			sourceTree = "<group>";
		};
		CD73F3A42B96F7B50064E982 /* Authentication */ = {
			isa = PBXGroup;
			children = (
				CD73F3A72B96F86A0064E982 /* AuthService.swift */,
				CD73F3A52B96F7C30064E982 /* View */,
				CD73F3A62B96F7CC0064E982 /* ViewModel */,
			);
			path = Authentication;
			sourceTree = "<group>";
		};
		CD73F3A52B96F7C30064E982 /* View */ = {
			isa = PBXGroup;
			children = (
				CD73F3612B96501F0064E982 /* LoginView.swift */,
				CD73F3652B9650690064E982 /* RegistrationView.swift */,
			);
			path = View;
			sourceTree = "<group>";
		};
		CD73F3A62B96F7CC0064E982 /* ViewModel */ = {
			isa = PBXGroup;
			children = (
				CD73F3672B96581B0064E982 /* LoginViewModel.swift */,
				CD73F3692B96582B0064E982 /* RegistrationViewModel.swift */,
			);
			path = ViewModel;
			sourceTree = "<group>";
		};
		CD73F3A92B970CAB0064E982 /* Main */ = {
			isa = PBXGroup;
			children = (
				CD73F3AA2B970CD80064E982 /* View */,
				CD73F3AF2B9719C90064E982 /* Profile */,
				CD73F3B22B971A1A0064E982 /* Chat */,
			);
			path = Main;
			sourceTree = "<group>";
		};
		CD73F3AA2B970CD80064E982 /* View */ = {
			isa = PBXGroup;
			children = (
				CD73F3AD2B970D670064E982 /* MainView.swift */,
			);
			path = View;
			sourceTree = "<group>";
		};
		CD73F3AF2B9719C90064E982 /* Profile */ = {
			isa = PBXGroup;
			children = (
				CD73F3B32B971A450064E982 /* View */,
			);
			path = Profile;
			sourceTree = "<group>";
		};
		CD73F3B22B971A1A0064E982 /* Chat */ = {
			isa = PBXGroup;
			children = (
				CD73F3B42B971A550064E982 /* View */,
			);
			path = Chat;
			sourceTree = "<group>";
		};
		CD73F3B32B971A450064E982 /* View */ = {
			isa = PBXGroup;
			children = (
				CD73F3B02B971A110064E982 /* ProfileView.swift */,
			);
			path = View;
			sourceTree = "<group>";
		};
		CD73F3B42B971A550064E982 /* View */ = {
			isa = PBXGroup;
			children = (
				CD73F3B52B971A670064E982 /* ChatView.swift */,
			);
			path = View;
			sourceTree = "<group>";
		};
		CD73F3B72B97200B0064E982 /* Root */ = {
			isa = PBXGroup;
			children = (
				CD73F3B82B9720140064E982 /* View */,
				CD73F3B92B9720190064E982 /* ViewModel */,
			);
			path = Root;
			sourceTree = "<group>";
		};
		CD73F3B82B9720140064E982 /* View */ = {
			isa = PBXGroup;
			children = (
				CD73F3BA2B97202B0064E982 /* ContentView.swift */,
			);
			path = View;
			sourceTree = "<group>";
		};
		CD73F3B92B9720190064E982 /* ViewModel */ = {
			isa = PBXGroup;
			children = (
				CD73F3BC2B97203A0064E982 /* ContentViewModel.swift */,
			);
			path = ViewModel;
			sourceTree = "<group>";
		};
/* End PBXGroup section */

/* Begin PBXNativeTarget section */
		CD73F34F2B9642310064E982 /* Login-Out SwiftUI */ = {
			isa = PBXNativeTarget;
			buildConfigurationList = CD73F35E2B9642350064E982 /* Build configuration list for PBXNativeTarget "Login-Out SwiftUI" */;
			buildPhases = (
				CD73F34C2B9642310064E982 /* Sources */,
				CD73F34D2B9642310064E982 /* Frameworks */,
				CD73F34E2B9642310064E982 /* Resources */,
			);
			buildRules = (
			);
			dependencies = (
			);
			name = "Login-Out SwiftUI";
			packageProductDependencies = (
				CD73F36E2B96F2E30064E982 /* FirebaseAnalytics */,
				CD73F3702B96F2E30064E982 /* FirebaseAnalyticsOnDeviceConversion */,
				CD73F3722B96F2E30064E982 /* FirebaseAnalyticsSwift */,
				CD73F3742B96F2E30064E982 /* FirebaseAnalyticsWithoutAdIdSupport */,
				CD73F3762B96F2E30064E982 /* FirebaseAppCheck */,
				CD73F3782B96F2E30064E982 /* FirebaseAppDistribution-Beta */,
				CD73F37A2B96F2E30064E982 /* FirebaseAuth */,
				CD73F37C2B96F2E30064E982 /* FirebaseAuthCombine-Community */,
				CD73F37E2B96F2E30064E982 /* FirebaseCrashlytics */,
				CD73F3802B96F2E30064E982 /* FirebaseDatabase */,
				CD73F3822B96F2E30064E982 /* FirebaseDatabaseSwift */,
				CD73F3842B96F2E30064E982 /* FirebaseDynamicLinks */,
				CD73F3862B96F2E30064E982 /* FirebaseFirestore */,
				CD73F3882B96F2E30064E982 /* FirebaseFirestoreCombine-Community */,
				CD73F38A2B96F2E30064E982 /* FirebaseFirestoreSwift */,
				CD73F38C2B96F2E30064E982 /* FirebaseFunctions */,
				CD73F38E2B96F2E30064E982 /* FirebaseFunctionsCombine-Community */,
				CD73F3902B96F2E30064E982 /* FirebaseInAppMessaging-Beta */,
				CD73F3922B96F2E30064E982 /* FirebaseInAppMessagingSwift-Beta */,
				CD73F3942B96F2E30064E982 /* FirebaseInstallations */,
				CD73F3962B96F2E30064E982 /* FirebaseMLModelDownloader */,
				CD73F3982B96F2E30064E982 /* FirebaseMessaging */,
				CD73F39A2B96F2E30064E982 /* FirebasePerformance */,
				CD73F39C2B96F2E30064E982 /* FirebaseRemoteConfig */,
				CD73F39E2B96F2E30064E982 /* FirebaseRemoteConfigSwift */,
				CD73F3A02B96F2E30064E982 /* FirebaseStorage */,
				CD73F3A22B96F2E30064E982 /* FirebaseStorageCombine-Community */,
			);
			productName = "Login-Out SwiftUI";
			productReference = CD73F3502B9642310064E982 /* Login-Out SwiftUI.app */;
			productType = "com.apple.product-type.application";
		};
/* End PBXNativeTarget section */

/* Begin PBXProject section */
		CD73F3482B9642310064E982 /* Project object */ = {
			isa = PBXProject;
			attributes = {
				BuildIndependentTargetsInParallel = 1;
				LastSwiftUpdateCheck = 1520;
				LastUpgradeCheck = 1520;
				TargetAttributes = {
					CD73F34F2B9642310064E982 = {
						CreatedOnToolsVersion = 15.2;
					};
				};
			};
			buildConfigurationList = CD73F34B2B9642310064E982 /* Build configuration list for PBXProject "Login-Out SwiftUI" */;
			compatibilityVersion = "Xcode 14.0";
			developmentRegion = en;
			hasScannedForEncodings = 0;
			knownRegions = (
				en,
				Base,
			);
			mainGroup = CD73F3472B9642310064E982;
			packageReferences = (
				CD73F36D2B96F2E30064E982 /* XCRemoteSwiftPackageReference "firebase-ios-sdk" */,
			);
			productRefGroup = CD73F3512B9642310064E982 /* Products */;
			projectDirPath = "";
			projectRoot = "";
			targets = (
				CD73F34F2B9642310064E982 /* Login-Out SwiftUI */,
			);
		};
/* End PBXProject section */

/* Begin PBXResourcesBuildPhase section */
		CD73F34E2B9642310064E982 /* Resources */ = {
			isa = PBXResourcesBuildPhase;
			buildActionMask = 2147483647;
			files = (
				CD73F35B2B9642350064E982 /* Preview Assets.xcassets in Resources */,
				CD73F3582B9642350064E982 /* Assets.xcassets in Resources */,
				CD73F36C2B96F24D0064E982 /* GoogleService-Info.plist in Resources */,
			);
			runOnlyForDeploymentPostprocessing = 0;
		};
/* End PBXResourcesBuildPhase section */

/* Begin PBXSourcesBuildPhase section */
		CD73F34C2B9642310064E982 /* Sources */ = {
			isa = PBXSourcesBuildPhase;
			buildActionMask = 2147483647;
			files = (
				CD73F3622B96501F0064E982 /* LoginView.swift in Sources */,
				CD73F3BB2B97202B0064E982 /* ContentView.swift in Sources */,
				CD73F3B12B971A110064E982 /* ProfileView.swift in Sources */,
				CD73F3B62B971A670064E982 /* ChatView.swift in Sources */,
				CD73F3AE2B970D670064E982 /* MainView.swift in Sources */,
				CD73F36A2B96582C0064E982 /* RegistrationViewModel.swift in Sources */,
				CD73F3642B9650580064E982 /* HomeView.swift in Sources */,
				CD73F3542B9642310064E982 /* Login_Out_SwiftUIApp.swift in Sources */,
				CD73F3BD2B97203A0064E982 /* ContentViewModel.swift in Sources */,
				CD73F3682B96581B0064E982 /* LoginViewModel.swift in Sources */,
				CD73F3662B9650690064E982 /* RegistrationView.swift in Sources */,
				CD73F3A82B96F86A0064E982 /* AuthService.swift in Sources */,
			);
			runOnlyForDeploymentPostprocessing = 0;
		};
/* End PBXSourcesBuildPhase section */

/* Begin XCBuildConfiguration section */
		CD73F35C2B9642350064E982 /* Debug */ = {
			isa = XCBuildConfiguration;
			buildSettings = {
				ALWAYS_SEARCH_USER_PATHS = NO;
				ASSETCATALOG_COMPILER_GENERATE_SWIFT_ASSET_SYMBOL_EXTENSIONS = YES;
				CLANG_ANALYZER_NONNULL = YES;
				CLANG_ANALYZER_NUMBER_OBJECT_CONVERSION = YES_AGGRESSIVE;
				CLANG_CXX_LANGUAGE_STANDARD = "gnu++20";
				CLANG_ENABLE_MODULES = YES;
				CLANG_ENABLE_OBJC_ARC = YES;
				CLANG_ENABLE_OBJC_WEAK = YES;
				CLANG_WARN_BLOCK_CAPTURE_AUTORELEASING = YES;
				CLANG_WARN_BOOL_CONVERSION = YES;
				CLANG_WARN_COMMA = YES;
				CLANG_WARN_CONSTANT_CONVERSION = YES;
				CLANG_WARN_DEPRECATED_OBJC_IMPLEMENTATIONS = YES;
				CLANG_WARN_DIRECT_OBJC_ISA_USAGE = YES_ERROR;
				CLANG_WARN_DOCUMENTATION_COMMENTS = YES;
				CLANG_WARN_EMPTY_BODY = YES;
				CLANG_WARN_ENUM_CONVERSION = YES;
				CLANG_WARN_INFINITE_RECURSION = YES;
				CLANG_WARN_INT_CONVERSION = YES;
				CLANG_WARN_NON_LITERAL_NULL_CONVERSION = YES;
				CLANG_WARN_OBJC_IMPLICIT_RETAIN_SELF = YES;
				CLANG_WARN_OBJC_LITERAL_CONVERSION = YES;
				CLANG_WARN_OBJC_ROOT_CLASS = YES_ERROR;
				CLANG_WARN_QUOTED_INCLUDE_IN_FRAMEWORK_HEADER = YES;
				CLANG_WARN_RANGE_LOOP_ANALYSIS = YES;
				CLANG_WARN_STRICT_PROTOTYPES = YES;
				CLANG_WARN_SUSPICIOUS_MOVE = YES;
				CLANG_WARN_UNGUARDED_AVAILABILITY = YES_AGGRESSIVE;
				CLANG_WARN_UNREACHABLE_CODE = YES;
				CLANG_WARN__DUPLICATE_METHOD_MATCH = YES;
				COPY_PHASE_STRIP = NO;
				DEBUG_INFORMATION_FORMAT = dwarf;
				ENABLE_STRICT_OBJC_MSGSEND = YES;
				ENABLE_TESTABILITY = YES;
				ENABLE_USER_SCRIPT_SANDBOXING = YES;
				GCC_C_LANGUAGE_STANDARD = gnu17;
				GCC_DYNAMIC_NO_PIC = NO;
				GCC_NO_COMMON_BLOCKS = YES;
				GCC_OPTIMIZATION_LEVEL = 0;
				GCC_PREPROCESSOR_DEFINITIONS = (
					"DEBUG=1",
					"$(inherited)",
				);
				GCC_WARN_64_TO_32_BIT_CONVERSION = YES;
				GCC_WARN_ABOUT_RETURN_TYPE = YES_ERROR;
				GCC_WARN_UNDECLARED_SELECTOR = YES;
				GCC_WARN_UNINITIALIZED_AUTOS = YES_AGGRESSIVE;
				GCC_WARN_UNUSED_FUNCTION = YES;
				GCC_WARN_UNUSED_VARIABLE = YES;
				IPHONEOS_DEPLOYMENT_TARGET = 17.2;
				LOCALIZATION_PREFERS_STRING_CATALOGS = YES;
				MTL_ENABLE_DEBUG_INFO = INCLUDE_SOURCE;
				MTL_FAST_MATH = YES;
				ONLY_ACTIVE_ARCH = YES;
				SDKROOT = iphoneos;
				SWIFT_ACTIVE_COMPILATION_CONDITIONS = "DEBUG $(inherited)";
				SWIFT_OPTIMIZATION_LEVEL = "-Onone";
			};
			name = Debug;
		};
		CD73F35D2B9642350064E982 /* Release */ = {
			isa = XCBuildConfiguration;
			buildSettings = {
				ALWAYS_SEARCH_USER_PATHS = NO;
				ASSETCATALOG_COMPILER_GENERATE_SWIFT_ASSET_SYMBOL_EXTENSIONS = YES;
				CLANG_ANALYZER_NONNULL = YES;
				CLANG_ANALYZER_NUMBER_OBJECT_CONVERSION = YES_AGGRESSIVE;
				CLANG_CXX_LANGUAGE_STANDARD = "gnu++20";
				CLANG_ENABLE_MODULES = YES;
				CLANG_ENABLE_OBJC_ARC = YES;
				CLANG_ENABLE_OBJC_WEAK = YES;
				CLANG_WARN_BLOCK_CAPTURE_AUTORELEASING = YES;
				CLANG_WARN_BOOL_CONVERSION = YES;
				CLANG_WARN_COMMA = YES;
				CLANG_WARN_CONSTANT_CONVERSION = YES;
				CLANG_WARN_DEPRECATED_OBJC_IMPLEMENTATIONS = YES;
				CLANG_WARN_DIRECT_OBJC_ISA_USAGE = YES_ERROR;
				CLANG_WARN_DOCUMENTATION_COMMENTS = YES;
				CLANG_WARN_EMPTY_BODY = YES;
				CLANG_WARN_ENUM_CONVERSION = YES;
				CLANG_WARN_INFINITE_RECURSION = YES;
				CLANG_WARN_INT_CONVERSION = YES;
				CLANG_WARN_NON_LITERAL_NULL_CONVERSION = YES;
				CLANG_WARN_OBJC_IMPLICIT_RETAIN_SELF = YES;
				CLANG_WARN_OBJC_LITERAL_CONVERSION = YES;
				CLANG_WARN_OBJC_ROOT_CLASS = YES_ERROR;
				CLANG_WARN_QUOTED_INCLUDE_IN_FRAMEWORK_HEADER = YES;
				CLANG_WARN_RANGE_LOOP_ANALYSIS = YES;
				CLANG_WARN_STRICT_PROTOTYPES = YES;
				CLANG_WARN_SUSPICIOUS_MOVE = YES;
				CLANG_WARN_UNGUARDED_AVAILABILITY = YES_AGGRESSIVE;
				CLANG_WARN_UNREACHABLE_CODE = YES;
				CLANG_WARN__DUPLICATE_METHOD_MATCH = YES;
				COPY_PHASE_STRIP = NO;
				DEBUG_INFORMATION_FORMAT = "dwarf-with-dsym";
				ENABLE_NS_ASSERTIONS = NO;
				ENABLE_STRICT_OBJC_MSGSEND = YES;
				ENABLE_USER_SCRIPT_SANDBOXING = YES;
				GCC_C_LANGUAGE_STANDARD = gnu17;
				GCC_NO_COMMON_BLOCKS = YES;
				GCC_WARN_64_TO_32_BIT_CONVERSION = YES;
				GCC_WARN_ABOUT_RETURN_TYPE = YES_ERROR;
				GCC_WARN_UNDECLARED_SELECTOR = YES;
				GCC_WARN_UNINITIALIZED_AUTOS = YES_AGGRESSIVE;
				GCC_WARN_UNUSED_FUNCTION = YES;
				GCC_WARN_UNUSED_VARIABLE = YES;
				IPHONEOS_DEPLOYMENT_TARGET = 17.2;
				LOCALIZATION_PREFERS_STRING_CATALOGS = YES;
				MTL_ENABLE_DEBUG_INFO = NO;
				MTL_FAST_MATH = YES;
				SDKROOT = iphoneos;
				SWIFT_COMPILATION_MODE = wholemodule;
				VALIDATE_PRODUCT = YES;
			};
			name = Release;
		};
		CD73F35F2B9642350064E982 /* Debug */ = {
			isa = XCBuildConfiguration;
			buildSettings = {
				ASSETCATALOG_COMPILER_APPICON_NAME = AppIcon;
				ASSETCATALOG_COMPILER_GLOBAL_ACCENT_COLOR_NAME = AccentColor;
				CODE_SIGN_STYLE = Automatic;
				CURRENT_PROJECT_VERSION = 1;
				DEVELOPMENT_ASSET_PATHS = "\"Login-Out SwiftUI/Preview Content\"";
				DEVELOPMENT_TEAM = 4M24CUNU7X;
				ENABLE_PREVIEWS = YES;
				GENERATE_INFOPLIST_FILE = YES;
				INFOPLIST_KEY_UIApplicationSceneManifest_Generation = YES;
				INFOPLIST_KEY_UIApplicationSupportsIndirectInputEvents = YES;
				INFOPLIST_KEY_UILaunchScreen_Generation = YES;
				INFOPLIST_KEY_UISupportedInterfaceOrientations_iPad = "UIInterfaceOrientationPortrait UIInterfaceOrientationPortraitUpsideDown UIInterfaceOrientationLandscapeLeft UIInterfaceOrientationLandscapeRight";
				INFOPLIST_KEY_UISupportedInterfaceOrientations_iPhone = "UIInterfaceOrientationPortrait UIInterfaceOrientationLandscapeLeft UIInterfaceOrientationLandscapeRight";
				LD_RUNPATH_SEARCH_PATHS = (
					"$(inherited)",
					"@executable_path/Frameworks",
				);
				MARKETING_VERSION = 1.0;
				PRODUCT_BUNDLE_IDENTIFIER = "VinamraKaushal.Login-Out-SwiftUI";
				PRODUCT_NAME = "$(TARGET_NAME)";
				SWIFT_EMIT_LOC_STRINGS = YES;
				SWIFT_VERSION = 5.0;
				TARGETED_DEVICE_FAMILY = "1,2";
			};
			name = Debug;
		};
		CD73F3602B9642350064E982 /* Release */ = {
			isa = XCBuildConfiguration;
			buildSettings = {
				ASSETCATALOG_COMPILER_APPICON_NAME = AppIcon;
				ASSETCATALOG_COMPILER_GLOBAL_ACCENT_COLOR_NAME = AccentColor;
				CODE_SIGN_STYLE = Automatic;
				CURRENT_PROJECT_VERSION = 1;
				DEVELOPMENT_ASSET_PATHS = "\"Login-Out SwiftUI/Preview Content\"";
				DEVELOPMENT_TEAM = 4M24CUNU7X;
				ENABLE_PREVIEWS = YES;
				GENERATE_INFOPLIST_FILE = YES;
				INFOPLIST_KEY_UIApplicationSceneManifest_Generation = YES;
				INFOPLIST_KEY_UIApplicationSupportsIndirectInputEvents = YES;
				INFOPLIST_KEY_UILaunchScreen_Generation = YES;
				INFOPLIST_KEY_UISupportedInterfaceOrientations_iPad = "UIInterfaceOrientationPortrait UIInterfaceOrientationPortraitUpsideDown UIInterfaceOrientationLandscapeLeft UIInterfaceOrientationLandscapeRight";
				INFOPLIST_KEY_UISupportedInterfaceOrientations_iPhone = "UIInterfaceOrientationPortrait UIInterfaceOrientationLandscapeLeft UIInterfaceOrientationLandscapeRight";
				LD_RUNPATH_SEARCH_PATHS = (
					"$(inherited)",
					"@executable_path/Frameworks",
				);
				MARKETING_VERSION = 1.0;
				PRODUCT_BUNDLE_IDENTIFIER = "VinamraKaushal.Login-Out-SwiftUI";
				PRODUCT_NAME = "$(TARGET_NAME)";
				SWIFT_EMIT_LOC_STRINGS = YES;
				SWIFT_VERSION = 5.0;
				TARGETED_DEVICE_FAMILY = "1,2";
			};
			name = Release;
		};
/* End XCBuildConfiguration section */

/* Begin XCConfigurationList section */
		CD73F34B2B9642310064E982 /* Build configuration list for PBXProject "Login-Out SwiftUI" */ = {
			isa = XCConfigurationList;
			buildConfigurations = (
				CD73F35C2B9642350064E982 /* Debug */,
				CD73F35D2B9642350064E982 /* Release */,
			);
			defaultConfigurationIsVisible = 0;
			defaultConfigurationName = Release;
		};
		CD73F35E2B9642350064E982 /* Build configuration list for PBXNativeTarget "Login-Out SwiftUI" */ = {
			isa = XCConfigurationList;
			buildConfigurations = (
				CD73F35F2B9642350064E982 /* Debug */,
				CD73F3602B9642350064E982 /* Release */,
			);
			defaultConfigurationIsVisible = 0;
			defaultConfigurationName = Release;
		};
/* End XCConfigurationList section */

/* Begin XCRemoteSwiftPackageReference section */
		CD73F36D2B96F2E30064E982 /* XCRemoteSwiftPackageReference "firebase-ios-sdk" */ = {
			isa = XCRemoteSwiftPackageReference;
			repositoryURL = "https://github.com/firebase/firebase-ios-sdk";
			requirement = {
				kind = upToNextMajorVersion;
				minimumVersion = 10.22.0;
			};
		};
/* End XCRemoteSwiftPackageReference section */

/* Begin XCSwiftPackageProductDependency section */
		CD73F36E2B96F2E30064E982 /* FirebaseAnalytics */ = {
			isa = XCSwiftPackageProductDependency;
			package = CD73F36D2B96F2E30064E982 /* XCRemoteSwiftPackageReference "firebase-ios-sdk" */;
			productName = FirebaseAnalytics;
		};
		CD73F3702B96F2E30064E982 /* FirebaseAnalyticsOnDeviceConversion */ = {
			isa = XCSwiftPackageProductDependency;
			package = CD73F36D2B96F2E30064E982 /* XCRemoteSwiftPackageReference "firebase-ios-sdk" */;
			productName = FirebaseAnalyticsOnDeviceConversion;
		};
		CD73F3722B96F2E30064E982 /* FirebaseAnalyticsSwift */ = {
			isa = XCSwiftPackageProductDependency;
			package = CD73F36D2B96F2E30064E982 /* XCRemoteSwiftPackageReference "firebase-ios-sdk" */;
			productName = FirebaseAnalyticsSwift;
		};
		CD73F3742B96F2E30064E982 /* FirebaseAnalyticsWithoutAdIdSupport */ = {
			isa = XCSwiftPackageProductDependency;
			package = CD73F36D2B96F2E30064E982 /* XCRemoteSwiftPackageReference "firebase-ios-sdk" */;
			productName = FirebaseAnalyticsWithoutAdIdSupport;
		};
		CD73F3762B96F2E30064E982 /* FirebaseAppCheck */ = {
			isa = XCSwiftPackageProductDependency;
			package = CD73F36D2B96F2E30064E982 /* XCRemoteSwiftPackageReference "firebase-ios-sdk" */;
			productName = FirebaseAppCheck;
		};
		CD73F3782B96F2E30064E982 /* FirebaseAppDistribution-Beta */ = {
			isa = XCSwiftPackageProductDependency;
			package = CD73F36D2B96F2E30064E982 /* XCRemoteSwiftPackageReference "firebase-ios-sdk" */;
			productName = "FirebaseAppDistribution-Beta";
		};
		CD73F37A2B96F2E30064E982 /* FirebaseAuth */ = {
			isa = XCSwiftPackageProductDependency;
			package = CD73F36D2B96F2E30064E982 /* XCRemoteSwiftPackageReference "firebase-ios-sdk" */;
			productName = FirebaseAuth;
		};
		CD73F37C2B96F2E30064E982 /* FirebaseAuthCombine-Community */ = {
			isa = XCSwiftPackageProductDependency;
			package = CD73F36D2B96F2E30064E982 /* XCRemoteSwiftPackageReference "firebase-ios-sdk" */;
			productName = "FirebaseAuthCombine-Community";
		};
		CD73F37E2B96F2E30064E982 /* FirebaseCrashlytics */ = {
			isa = XCSwiftPackageProductDependency;
			package = CD73F36D2B96F2E30064E982 /* XCRemoteSwiftPackageReference "firebase-ios-sdk" */;
			productName = FirebaseCrashlytics;
		};
		CD73F3802B96F2E30064E982 /* FirebaseDatabase */ = {
			isa = XCSwiftPackageProductDependency;
			package = CD73F36D2B96F2E30064E982 /* XCRemoteSwiftPackageReference "firebase-ios-sdk" */;
			productName = FirebaseDatabase;
		};
		CD73F3822B96F2E30064E982 /* FirebaseDatabaseSwift */ = {
			isa = XCSwiftPackageProductDependency;
			package = CD73F36D2B96F2E30064E982 /* XCRemoteSwiftPackageReference "firebase-ios-sdk" */;
			productName = FirebaseDatabaseSwift;
		};
		CD73F3842B96F2E30064E982 /* FirebaseDynamicLinks */ = {
			isa = XCSwiftPackageProductDependency;
			package = CD73F36D2B96F2E30064E982 /* XCRemoteSwiftPackageReference "firebase-ios-sdk" */;
			productName = FirebaseDynamicLinks;
		};
		CD73F3862B96F2E30064E982 /* FirebaseFirestore */ = {
			isa = XCSwiftPackageProductDependency;
			package = CD73F36D2B96F2E30064E982 /* XCRemoteSwiftPackageReference "firebase-ios-sdk" */;
			productName = FirebaseFirestore;
		};
		CD73F3882B96F2E30064E982 /* FirebaseFirestoreCombine-Community */ = {
			isa = XCSwiftPackageProductDependency;
			package = CD73F36D2B96F2E30064E982 /* XCRemoteSwiftPackageReference "firebase-ios-sdk" */;
			productName = "FirebaseFirestoreCombine-Community";
		};
		CD73F38A2B96F2E30064E982 /* FirebaseFirestoreSwift */ = {
			isa = XCSwiftPackageProductDependency;
			package = CD73F36D2B96F2E30064E982 /* XCRemoteSwiftPackageReference "firebase-ios-sdk" */;
			productName = FirebaseFirestoreSwift;
		};
		CD73F38C2B96F2E30064E982 /* FirebaseFunctions */ = {
			isa = XCSwiftPackageProductDependency;
			package = CD73F36D2B96F2E30064E982 /* XCRemoteSwiftPackageReference "firebase-ios-sdk" */;
			productName = FirebaseFunctions;
		};
		CD73F38E2B96F2E30064E982 /* FirebaseFunctionsCombine-Community */ = {
			isa = XCSwiftPackageProductDependency;
			package = CD73F36D2B96F2E30064E982 /* XCRemoteSwiftPackageReference "firebase-ios-sdk" */;
			productName = "FirebaseFunctionsCombine-Community";
		};
		CD73F3902B96F2E30064E982 /* FirebaseInAppMessaging-Beta */ = {
			isa = XCSwiftPackageProductDependency;
			package = CD73F36D2B96F2E30064E982 /* XCRemoteSwiftPackageReference "firebase-ios-sdk" */;
			productName = "FirebaseInAppMessaging-Beta";
		};
		CD73F3922B96F2E30064E982 /* FirebaseInAppMessagingSwift-Beta */ = {
			isa = XCSwiftPackageProductDependency;
			package = CD73F36D2B96F2E30064E982 /* XCRemoteSwiftPackageReference "firebase-ios-sdk" */;
			productName = "FirebaseInAppMessagingSwift-Beta";
		};
		CD73F3942B96F2E30064E982 /* FirebaseInstallations */ = {
			isa = XCSwiftPackageProductDependency;
			package = CD73F36D2B96F2E30064E982 /* XCRemoteSwiftPackageReference "firebase-ios-sdk" */;
			productName = FirebaseInstallations;
		};
		CD73F3962B96F2E30064E982 /* FirebaseMLModelDownloader */ = {
			isa = XCSwiftPackageProductDependency;
			package = CD73F36D2B96F2E30064E982 /* XCRemoteSwiftPackageReference "firebase-ios-sdk" */;
			productName = FirebaseMLModelDownloader;
		};
		CD73F3982B96F2E30064E982 /* FirebaseMessaging */ = {
			isa = XCSwiftPackageProductDependency;
			package = CD73F36D2B96F2E30064E982 /* XCRemoteSwiftPackageReference "firebase-ios-sdk" */;
			productName = FirebaseMessaging;
		};
		CD73F39A2B96F2E30064E982 /* FirebasePerformance */ = {
			isa = XCSwiftPackageProductDependency;
			package = CD73F36D2B96F2E30064E982 /* XCRemoteSwiftPackageReference "firebase-ios-sdk" */;
			productName = FirebasePerformance;
		};
		CD73F39C2B96F2E30064E982 /* FirebaseRemoteConfig */ = {
			isa = XCSwiftPackageProductDependency;
			package = CD73F36D2B96F2E30064E982 /* XCRemoteSwiftPackageReference "firebase-ios-sdk" */;
			productName = FirebaseRemoteConfig;
		};
		CD73F39E2B96F2E30064E982 /* FirebaseRemoteConfigSwift */ = {
			isa = XCSwiftPackageProductDependency;
			package = CD73F36D2B96F2E30064E982 /* XCRemoteSwiftPackageReference "firebase-ios-sdk" */;
			productName = FirebaseRemoteConfigSwift;
		};
		CD73F3A02B96F2E30064E982 /* FirebaseStorage */ = {
			isa = XCSwiftPackageProductDependency;
			package = CD73F36D2B96F2E30064E982 /* XCRemoteSwiftPackageReference "firebase-ios-sdk" */;
			productName = FirebaseStorage;
		};
		CD73F3A22B96F2E30064E982 /* FirebaseStorageCombine-Community */ = {
			isa = XCSwiftPackageProductDependency;
			package = CD73F36D2B96F2E30064E982 /* XCRemoteSwiftPackageReference "firebase-ios-sdk" */;
			productName = "FirebaseStorageCombine-Community";
		};
/* End XCSwiftPackageProductDependency section */
	};
	rootObject = CD73F3482B9642310064E982 /* Project object */;
}
